
Microsoft Visual Studio Solution File, Format Version 12.00
# Visual Studio Version 16
VisualStudioVersion = 16.0.29728.190
MinimumVisualStudioVersion = 10.0.40219.1
Project("{9A19103F-16F7-4668-BE54-9A1E7A4F7556}") = "HouseManagement", "HouseManagement\HouseManagement.csproj", "{FD245BD0-2F26-4B1E-9D63-5407D9D89E41}"
EndProject
Global
	GlobalSection(SolutionConfigurationPlatforms) = preSolution
		Debug|Any CPU = Debug|Any CPU
		Release|Any CPU = Release|Any CPU
	EndGlobalSection
	GlobalSection(ProjectConfigurationPlatforms) = postSolution
		{FD245BD0-2F26-4B1E-9D63-5407D9D89E41}.Debug|Any CPU.ActiveCfg = Debug|Any CPU
		{FD245BD0-2F26-4B1E-9D63-5407D9D89E41}.Debug|Any CPU.Build.0 = Debug|Any CPU
		{FD245BD0-2F26-4B1E-9D63-5407D9D89E41}.Release|Any CPU.ActiveCfg = Release|Any CPU
		{FD245BD0-2F26-4B1E-9D63-5407D9D89E41}.Release|Any CPU.Build.0 = Release|Any CPU
	EndGlobalSection
	GlobalSection(SolutionProperties) = preSolution
		HideSolutionNode = FALSE
	EndGlobalSection
	GlobalSection(ExtensibilityGlobals) = postSolution
		SolutionGuid = {CD3E97B1-ED58-47CB-8C85-A1C7CEC94C6C}
	EndGlobalSection
EndGlobal
